
Microsoft Visual Studio Solution File, Format Version 12.00
# Visual Studio Version 17
VisualStudioVersion = 17.8.34330.188
MinimumVisualStudioVersion = 10.0.40219.1
Project("{9A19103F-16F7-4668-BE54-9A1E7A4F7556}") = "ProjectCollaborationPlatforn.Security", "ProjectCollaborationPlatforn.Security\ProjectCollaborationPlatforn.Security.csproj", "{E4BAE917-6ED1-4C5D-AA8C-71A098F9D0AA}"
EndProject
Project("{FAE04EC0-301F-11D3-BF4B-00C04F79EFBC}") = "ProjectCollaborationPlatform.Tests", "ProjectCollaborationPlatform.Tests\ProjectCollaborationPlatform.Tests.csproj", "{8084CC36-99F3-4FAA-B097-87ED2A319177}"
EndProject
Global
	GlobalSection(SolutionConfigurationPlatforms) = preSolution
		Debug|Any CPU = Debug|Any CPU
		Release|Any CPU = Release|Any CPU
	EndGlobalSection
	GlobalSection(ProjectConfigurationPlatforms) = postSolution
		{E4BAE917-6ED1-4C5D-AA8C-71A098F9D0AA}.Debug|Any CPU.ActiveCfg = Debug|Any CPU
		{E4BAE917-6ED1-4C5D-AA8C-71A098F9D0AA}.Debug|Any CPU.Build.0 = Debug|Any CPU
		{E4BAE917-6ED1-4C5D-AA8C-71A098F9D0AA}.Release|Any CPU.ActiveCfg = Release|Any CPU
		{E4BAE917-6ED1-4C5D-AA8C-71A098F9D0AA}.Release|Any CPU.Build.0 = Release|Any CPU
		{8084CC36-99F3-4FAA-B097-87ED2A319177}.Debug|Any CPU.ActiveCfg = Debug|Any CPU
		{8084CC36-99F3-4FAA-B097-87ED2A319177}.Debug|Any CPU.Build.0 = Debug|Any CPU
		{8084CC36-99F3-4FAA-B097-87ED2A319177}.Release|Any CPU.ActiveCfg = Release|Any CPU
		{8084CC36-99F3-4FAA-B097-87ED2A319177}.Release|Any CPU.Build.0 = Release|Any CPU
	EndGlobalSection
	GlobalSection(SolutionProperties) = preSolution
		HideSolutionNode = FALSE
	EndGlobalSection
	GlobalSection(ExtensibilityGlobals) = postSolution
		SolutionGuid = {007CC8CC-6E9F-4463-ACDD-B52C4866667E}
	EndGlobalSection
EndGlobal
